{
  "version": 4,
  "terraform_version": "1.15.9",
  "serial": 16,
  "lineage": "900f7801-1f57-5271-6a3a-874cbdfc4cb8",
  "outputs": {},
  "resources": [
    {
      "mode": "managed",
      "type": "google_compute_firewall",
      "name": "allow_internal_icmp",
      "provider": "provider[\"registry.terraform.io/hashicorp/google\"]",
      "instances": [
        {
          "schema_version": 1,
          "attributes": {
            "allow": [
              {
                "ports": [],
                "protocol": "icmp"
              }
            ],
            "creation_timestamp": "2026-08-26T18:44:13.419-07:00",
            "deny": [],
            "description": "",
            "destination_ranges": [],
            "direction": "INGRESS",
            "disabled": false,
            "enable_logging": null,
            "id": "projects/project-7770b360-47ef-4e14-9f6/global/firewalls/allow-internal-icmp",
            "log_config": [],
            "name": "allow-internal-icmp",
            "network": "https://www.googleapis.com/compute/v1/projects/project-7770b360-47ef-4e14-9f6/global/networks/terraform-network",
            "priority": 1000,
            "project": "project-7770b360-47ef-4e14-9f6",
            "self_link": "https://www.googleapis.com/compute/v1/projects/project-7770b360-47ef-4e14-9f6/global/firewalls/allow-internal-icmp",
            "source_ranges": [],
            "source_service_accounts": [],
            "source_tags": [
              "k8s-node"
            ],
            "target_service_accounts": [],
            "target_tags": [
              "k8s-node"
            ],
            "timeouts": null
          },
          "sensitive_attributes": [],
          "identity_schema_version": 0,
          "private": "eyJlMmJmYjczMC1lY2FhLTExZTYtOGY4OC0zNDM2M2JjN2M0YzAiOnsiY3JlYXRlIjoxMjAwMDAwMDAwMDAwLCJkZWxldGUiOjEyMDAwMDAwMDAwMDAsInVwZGF0ZSI6MTIwMDAwMDAwMDAwMH0sInNjaGVtYV92ZXJzaW9uIjoiMSJ9",
          "dependencies": [
            "google_compute_network.vpc_network"
          ]
        }
      ]
    },
    {
      "mode": "managed",
      "type": "google_compute_firewall",
      "name": "allow_k8s_internal",
      "provider": "provider[\"registry.terraform.io/hashicorp/google\"]",
      "instances": [
        {
          "schema_version": 1,
          "attributes": {
            "allow": [
              {
                "ports": [
                  "6443",
                  "2379-2380"
                ],
                "protocol": "tcp"
              },
              {
                "ports": [
                  "8472"
                ],
                "protocol": "udp"
              }
            ],
            "creation_timestamp": "2026-08-26T18:44:13.435-07:00",
            "deny": [],
            "description": "",
            "destination_ranges": [],
            "direction": "INGRESS",
            "disabled": false,
            "enable_logging": null,
            "id": "projects/project-7770b360-47ef-4e14-9f6/global/firewalls/allow-k8s-internal",
            "log_config": [],
            "name": "allow-k8s-internal",
            "network": "https://www.googleapis.com/compute/v1/projects/project-7770b360-47ef-4e14-9f6/global/networks/terraform-network",
            "priority": 1000,
            "project": "project-7770b360-47ef-4e14-9f6",
            "self_link": "https://www.googleapis.com/compute/v1/projects/project-7770b360-47ef-4e14-9f6/global/firewalls/allow-k8s-internal",
            "source_ranges": [],
            "source_service_accounts": [],
            "source_tags": [
              "k8s-node"
            ],
            "target_service_accounts": [],
            "target_tags": [
              "k8s-node"
            ],
            "timeouts": null
          },
          "sensitive_attributes": [],
          "identity_schema_version": 0,
          "private": "eyJlMmJmYjczMC1lY2FhLTExZTYtOGY4OC0zNDM2M2JjN2M0YzAiOnsiY3JlYXRlIjoxMjAwMDAwMDAwMDAwLCJkZWxldGUiOjEyMDAwMDAwMDAwMDAsInVwZGF0ZSI6MTIwMDAwMDAwMDAwMH0sInNjaGVtYV92ZXJzaW9uIjoiMSJ9",
          "dependencies": [
            "google_compute_network.vpc_network"
          ]
        }
      ]
    },
    {
      "mode": "managed",
      "type": "google_compute_firewall",
      "name": "allow_ssh",
      "provider": "provider[\"registry.terraform.io/hashicorp/google\"]",
      "instances": [
        {
          "schema_version": 1,
          "attributes": {
            "allow": [
              {
                "ports": [
                  "22",
                  "6443"
                ],
                "protocol": "tcp"
              }
            ],
            "creation_timestamp": "2026-08-26T18:44:13.410-07:00",
            "deny": [],
            "description": "",
            "destination_ranges": [],
            "direction": "INGRESS",
            "disabled": false,
            "enable_logging": null,
            "id": "projects/project-7770b360-47ef-4e14-9f6/global/firewalls/allow-ssh-external",
            "log_config": [],
            "name": "allow-ssh-external",
            "network": "https://www.googleapis.com/compute/v1/projects/project-7770b360-47ef-4e14-9f6/global/networks/terraform-network",
            "priority": 1000,
            "project": "project-7770b360-47ef-4e14-9f6",
            "self_link": "https://www.googleapis.com/compute/v1/projects/project-7770b360-47ef-4e14-9f6/global/firewalls/allow-ssh-external",
            "source_ranges": [
              "0.0.0.0/0"
            ],
            "source_service_accounts": [],
            "source_tags": [],
            "target_service_accounts": [],
            "target_tags": [],
            "timeouts": null
          },
          "sensitive_attributes": [],
          "identity_schema_version": 0,
          "private": "eyJlMmJmYjczMC1lY2FhLTExZTYtOGY4OC0zNDM2M2JjN2M0YzAiOnsiY3JlYXRlIjoxMjAwMDAwMDAwMDAwLCJkZWxldGUiOjEyMDAwMDAwMDAwMDAsInVwZGF0ZSI6MTIwMDAwMDAwMDAwMH0sInNjaGVtYV92ZXJzaW9uIjoiMSJ9",
          "dependencies": [
            "google_compute_network.vpc_network"
          ]
        }
      ]
    },
    {
      "mode": "managed",
      "type": "google_compute_instance",
      "name": "vm_instances",
      "provider": "provider[\"registry.terraform.io/hashicorp/google\"]",
      "instances": [
        {
          "index_key": 0,
          "schema_version": 6,
          "attributes": {
            "advanced_machine_features": [],
            "allow_stopping_for_update": null,
            "attached_disk": [],
            "boot_disk": [
              {
                "auto_delete": true,
                "device_name": "persistent-disk-0",
                "disk_encryption_key_raw": "",
                "disk_encryption_key_sha256": "",
                "initialize_params": [
                  {
                    "enable_confidential_compute": false,
                    "image": "https://www.googleapis.com/compute/v1/projects/debian-cloud/global/images/debian-12-bookworm-v20260817",
                    "labels": {},
                    "provisioned_iops": 0,
                    "provisioned_throughput": 0,
                    "resource_manager_tags": {},
                    "resource_policies": [],
                    "size": 10,
                    "storage_pool": "",
                    "type": "pd-standard"
                  }
                ],
                "interface": "",
                "kms_key_self_link": "",
                "mode": "READ_WRITE",
                "source": "https://www.googleapis.com/compute/v1/projects/project-7770b360-47ef-4e14-9f6/zones/asia-southeast2-a/disks/instance-1"
              }
            ],
            "can_ip_forward": false,
            "confidential_instance_config": [],
            "cpu_platform": "Intel Broadwell",
            "current_status": "RUNNING",
            "deletion_protection": false,
            "description": "",
            "desired_status": null,
            "effective_labels": {
              "goog-terraform-provisioned": "true"
            },
            "enable_display": false,
            "guest_accelerator": [],
            "hostname": "",
            "id": "projects/project-7770b360-47ef-4e14-9f6/zones/asia-southeast2-a/instances/instance-1",
            "instance_id": "4769694578324417499",
            "label_fingerprint": "vezUS-42LLM=",
            "labels": {},
            "machine_type": "e2-small",
            "metadata": {
              "ssh-keys": "tiaratristyan:ecdsa-sha2-nistp256 AAAAE2VjZHNhLXNoYTItbmlzdHAyNTYAAAAIbmlzdHAyNTYAAABBBFChEFVCukUxllBisBiU7i5rRVxzdJ4X1x4OLZLkvFEjC8h9eWNSwiZJvPrx6gB+fy2J+bduLCyeWBMyc8/oQXc= google-ssh {\"userName\":\"tiaratristyan@gmail.com\",\"expireOn\":\"2026-08-27T01:51:09+0000\"}\ntiaratristyan:ssh-rsa AAAAB3NzaC1yc2EAAAADAQABAAABAHKNUPQfvz6Ek4x947WgOupRutOp/aAvJBHTxaCPnbSf9f0T0Q+976F0C9bbj48XyhQ62ykb/AP8d7qoItSoJhjn0Qyar0/T9xDl1g1iD6AmWpK2LP6Kmfmsg8r8fu5tXQ0uKUKH0mCrciycsZ5+2IjQkAKtXquB5bb5fEGAgHmeqGswJ1VRUPabpTuVt/lxIlD/LRbgomGvbqiodHGTXIJkeDGX0FMcoUT6B6P8Lr0RMMgw2YdUcgz8XipX5eJ/3ROeaeWHrxUPWYk/rnnx42NsN5SClhO93DGaAMGUyEl9KwWAlQdNyq8jE+eCjLq5JO9S4zTpz0gi9PDDYQwp5hc= google-ssh {\"userName\":\"tiaratristyan@gmail.com\",\"expireOn\":\"2026-08-27T01:51:11+0000\"}\ntiaratristyan:ecdsa-sha2-nistp256 AAAAE2VjZHNhLXNoYTItbmlzdHAyNTYAAAAIbmlzdHAyNTYAAABBBIS8x+ERP//fS9QxBDmt/KgZW9c269Li5e9jSos1yUWB3vAvpJnm50/3XFHRHxfvp5zpd4FcmZxHLYvi4s5xX2o= google-ssh {\"userName\":\"tiaratristyan@gmail.com\",\"expireOn\":\"2026-08-27T01:53:51+0000\"}\ntiaratristyan:ssh-rsa AAAAB3NzaC1yc2EAAAADAQABAAABAGqFcg2+piMghq+ypXMES2+MIJM9mRFa7fz2CqLRi13w16SQtAoIrljdRGfAtJGKj5QgX5YL6oSNNBbIuYvT0w6XB8eOJBaZaH1HcqSzVMmqeD6lz8DRN0XX/BaVEhpxhxZzokTXpxpqixninemUZz9IEMiUT0/iD0QlXVykouPHRfy6cEyqtGo+54og7/EA/8nuAjclBpQjwC3sP1IKiSPrdkEXJLvZ0ee3Lzxbz5252QZCo5WO6eTNHXyFOnchKT2H24unUGBJZokFIRv2A4t7t8RT3o40PvLcuBwtjtdVUU1OEuTj34AgMkIp8M8/IhjW3YflBwEFZP2Q4bE6Ais= google-ssh {\"userName\":\"tiaratristyan@gmail.com\",\"expireOn\":\"2026-08-27T01:53:54+0000\"}\nenggarranu:ssh-rsa AAAAB3NzaC1yc2EAAAADAQABAAABgQCjIFUT2pNvUmFa4sXIPfb5pmfHTNZUZ+neof/q09/JjjrHIc8LT74e1rxGJI2y+/8W8xNcL5uR36QCa0FSpTLH62tzQBLRuYP3neCoNlxVx9eXgScESmolXYq0jcKT7guqoaDoNsDbRacPGdJ+QHfPxpLnjNe/yiIpEHssl3MTQnxIXJghVyYKG8A9M4iyS1LuTLejsfv4AoTnx9xAysoOqVWD0y+4dotdZs1tMPSUoh+3heoilUebkKdtBybqXOpUnIG4i4bmFQSBVw+Q063jYPaeK68yvCM06K7c+5H1eTn8cmsFKorayVbbQ/CXb+Mg0e+H9Ml6sb2DUCUUkrwcwBZVnuqHrnEYfU5RPRuxvWOD0UybosMEJ7EQ9oiIMrSB7ktJjmGzPCioM9QmhbUYG9uN4Y1BkUlGZZP4RZaxRPWAOIedG6pjR2iw6Qa3wV8SnTpFbwA2puTBqHH5CiV6/UHTFfxsOLKAjCZFPElcFcYjvWKpobQuhc+MK3NW5w8= enggarranu@Enggars-Air"
            },
            "metadata_fingerprint": "xmVFOlgtMj4=",
            "metadata_startup_script": null,
            "min_cpu_platform": "",
            "name": "instance-1",
            "network_interface": [
              {
                "access_config": [
                  {
                    "nat_ip": "34.128.115.242",
                    "network_tier": "PREMIUM",
                    "public_ptr_domain_name": ""
                  }
                ],
                "alias_ip_range": [],
                "internal_ipv6_prefix_length": 0,
                "ipv6_access_config": [],
                "ipv6_access_type": "",
                "ipv6_address": "",
                "name": "nic0",
                "network": "https://www.googleapis.com/compute/v1/projects/project-7770b360-47ef-4e14-9f6/global/networks/terraform-network",
                "network_ip": "10.184.0.3",
                "nic_type": "",
                "queue_count": 0,
                "stack_type": "IPV4_ONLY",
                "subnetwork": "https://www.googleapis.com/compute/v1/projects/project-7770b360-47ef-4e14-9f6/regions/asia-southeast2/subnetworks/terraform-network",
                "subnetwork_project": "project-7770b360-47ef-4e14-9f6"
              }
            ],
            "network_performance_config": [],
            "params": [],
            "project": "project-7770b360-47ef-4e14-9f6",
            "reservation_affinity": [],
            "resource_policies": [],
            "scheduling": [
              {
                "automatic_restart": true,
                "instance_termination_action": "",
                "local_ssd_recovery_timeout": [],
                "max_run_duration": [],
                "min_node_cpus": 0,
                "node_affinities": [],
                "on_host_maintenance": "MIGRATE",
                "on_instance_stop_action": [],
                "preemptible": false,
                "provisioning_model": "STANDARD"
              }
            ],
            "scratch_disk": [],
            "self_link": "https://www.googleapis.com/compute/v1/projects/project-7770b360-47ef-4e14-9f6/zones/asia-southeast2-a/instances/instance-1",
            "service_account": [],
            "shielded_instance_config": [
              {
                "enable_integrity_monitoring": true,
                "enable_secure_boot": false,
                "enable_vtpm": true
              }
            ],
            "tags": [
              "k8s-node"
            ],
            "tags_fingerprint": "PMlaEWobTyo=",
            "terraform_labels": {
              "goog-terraform-provisioned": "true"
            },
            "timeouts": null,
            "zone": "asia-southeast2-a"
          },
          "sensitive_attributes": [
            [
              {
                "type": "get_attr",
                "value": "boot_disk"
              },
              {
                "type": "index",
                "value": {
                  "value": 0,
                  "type": "number"
                }
              },
              {
                "type": "get_attr",
                "value": "disk_encryption_key_raw"
              }
            ]
          ],
          "identity_schema_version": 0,
          "private": "eyJlMmJmYjczMC1lY2FhLTExZTYtOGY4OC0zNDM2M2JjN2M0YzAiOnsiY3JlYXRlIjoxMjAwMDAwMDAwMDAwLCJkZWxldGUiOjEyMDAwMDAwMDAwMDAsInVwZGF0ZSI6MTIwMDAwMDAwMDAwMH0sInNjaGVtYV92ZXJzaW9uIjoiNiJ9",
          "dependencies": [
            "google_compute_network.vpc_network"
          ]
        },
        {
          "index_key": 1,
          "schema_version": 6,
          "attributes": {
            "advanced_machine_features": [],
            "allow_stopping_for_update": null,
            "attached_disk": [],
            "boot_disk": [
              {
                "auto_delete": true,
                "device_name": "persistent-disk-0",
                "disk_encryption_key_raw": "",
                "disk_encryption_key_sha256": "",
                "initialize_params": [
                  {
                    "enable_confidential_compute": false,
                    "image": "https://www.googleapis.com/compute/v1/projects/debian-cloud/global/images/debian-12-bookworm-v20260817",
                    "labels": {},
                    "provisioned_iops": 0,
                    "provisioned_throughput": 0,
                    "resource_manager_tags": {},
                    "resource_policies": [],
                    "size": 10,
                    "storage_pool": "",
                    "type": "pd-standard"
                  }
                ],
                "interface": "",
                "kms_key_self_link": "",
                "mode": "READ_WRITE",
                "source": "https://www.googleapis.com/compute/v1/projects/project-7770b360-47ef-4e14-9f6/zones/asia-southeast2-a/disks/instance-2"
              }
            ],
            "can_ip_forward": false,
            "confidential_instance_config": [],
            "cpu_platform": "Intel Broadwell",
            "current_status": "RUNNING",
            "deletion_protection": false,
            "description": "",
            "desired_status": null,
            "effective_labels": {
              "goog-terraform-provisioned": "true"
            },
            "enable_display": false,
            "guest_accelerator": [],
            "hostname": "",
            "id": "projects/project-7770b360-47ef-4e14-9f6/zones/asia-southeast2-a/instances/instance-2",
            "instance_id": "6354907517686000604",
            "label_fingerprint": "vezUS-42LLM=",
            "labels": {},
            "machine_type": "e2-small",
            "metadata": {
              "ssh-keys": "tiaratristyan:ecdsa-sha2-nistp256 AAAAE2VjZHNhLXNoYTItbmlzdHAyNTYAAAAIbmlzdHAyNTYAAABBBG9eYi7J48yVXzlT60Jl+Pria+oT4pOzEwVSDRtIc7nk7OGYxmer5bA8ISQ+W91zqUYTNKNynFcnB1UCfr7CY+A= google-ssh {\"userName\":\"tiaratristyan@gmail.com\",\"expireOn\":\"2026-08-27T01:53:54+0000\"}\ntiaratristyan:ssh-rsa AAAAB3NzaC1yc2EAAAADAQABAAABAG8lgi1npyo0kauh2ZBLAZOiv22F7lqYe2UkdiX/o/TrAe6R8TtND8WbFQfV+gECG9qNZeSEN2N/ZQ+Y/vgBBuhWnJiRzscUEv/lRMp8kEJVkry2x4rxQtejEITEpXg68T2pXmTKfOpVdI4Vqg2UUVk77fM5WwKrBsvRtI/pCu5OhxVsewq15dJFe0AfiOjxybMeNFKRZCbPMcqXfdDbWC2l4NpbipCFoTnYg0tBaf2VeZ4HN/853UzAehYwy0oM5jKbh5mzCvk6H6TWbqk0Nc9e/9kaXS3Qwjsr4s5ZupQgrkPawfXD3riokv+Q2JRXMFhwyogRaJ4Yn9Ritc3zDy8= google-ssh {\"userName\":\"tiaratristyan@gmail.com\",\"expireOn\":\"2026-08-27T01:53:57+0000\"}"
            },
            "metadata_fingerprint": "vSCcdKIFBzs=",
            "metadata_startup_script": null,
            "min_cpu_platform": "",
            "name": "instance-2",
            "network_interface": [
              {
                "access_config": [
                  {
                    "nat_ip": "34.128.124.10",
                    "network_tier": "PREMIUM",
                    "public_ptr_domain_name": ""
                  }
                ],
                "alias_ip_range": [],
                "internal_ipv6_prefix_length": 0,
                "ipv6_access_config": [],
                "ipv6_access_type": "",
                "ipv6_address": "",
                "name": "nic0",
                "network": "https://www.googleapis.com/compute/v1/projects/project-7770b360-47ef-4e14-9f6/global/networks/terraform-network",
                "network_ip": "10.184.0.2",
                "nic_type": "",
                "queue_count": 0,
                "stack_type": "IPV4_ONLY",
                "subnetwork": "https://www.googleapis.com/compute/v1/projects/project-7770b360-47ef-4e14-9f6/regions/asia-southeast2/subnetworks/terraform-network",
                "subnetwork_project": "project-7770b360-47ef-4e14-9f6"
              }
            ],
            "network_performance_config": [],
            "params": [],
            "project": "project-7770b360-47ef-4e14-9f6",
            "reservation_affinity": [],
            "resource_policies": [],
            "scheduling": [
              {
                "automatic_restart": true,
                "instance_termination_action": "",
                "local_ssd_recovery_timeout": [],
                "max_run_duration": [],
                "min_node_cpus": 0,
                "node_affinities": [],
                "on_host_maintenance": "MIGRATE",
                "on_instance_stop_action": [],
                "preemptible": false,
                "provisioning_model": "STANDARD"
              }
            ],
            "scratch_disk": [],
            "self_link": "https://www.googleapis.com/compute/v1/projects/project-7770b360-47ef-4e14-9f6/zones/asia-southeast2-a/instances/instance-2",
            "service_account": [],
            "shielded_instance_config": [
              {
                "enable_integrity_monitoring": true,
                "enable_secure_boot": false,
                "enable_vtpm": true
              }
            ],
            "tags": [
              "k8s-node"
            ],
            "tags_fingerprint": "PMlaEWobTyo=",
            "terraform_labels": {
              "goog-terraform-provisioned": "true"
            },
            "timeouts": null,
            "zone": "asia-southeast2-a"
          },
          "sensitive_attributes": [
            [
              {
                "type": "get_attr",
                "value": "boot_disk"
              },
              {
                "type": "index",
                "value": {
                  "value": 0,
                  "type": "number"
                }
              },
              {
                "type": "get_attr",
                "value": "disk_encryption_key_raw"
              }
            ]
          ],
          "identity_schema_version": 0,
          "private": "eyJlMmJmYjczMC1lY2FhLTExZTYtOGY4OC0zNDM2M2JjN2M0YzAiOnsiY3JlYXRlIjoxMjAwMDAwMDAwMDAwLCJkZWxldGUiOjEyMDAwMDAwMDAwMDAsInVwZGF0ZSI6MTIwMDAwMDAwMDAwMH0sInNjaGVtYV92ZXJzaW9uIjoiNiJ9",
          "dependencies": [
            "google_compute_network.vpc_network"
          ]
        },
        {
          "index_key": 2,
          "schema_version": 6,
          "attributes": {
            "advanced_machine_features": [],
            "allow_stopping_for_update": null,
            "attached_disk": [],
            "boot_disk": [
              {
                "auto_delete": true,
                "device_name": "persistent-disk-0",
                "disk_encryption_key_raw": "",
                "disk_encryption_key_sha256": "",
                "initialize_params": [
                  {
                    "enable_confidential_compute": false,
                    "image": "https://www.googleapis.com/compute/v1/projects/debian-cloud/global/images/debian-12-bookworm-v20260817",
                    "labels": {},
                    "provisioned_iops": 0,
                    "provisioned_throughput": 0,
                    "resource_manager_tags": {},
                    "resource_policies": [],
                    "size": 10,
                    "storage_pool": "",
                    "type": "pd-standard"
                  }
                ],
                "interface": "",
                "kms_key_self_link": "",
                "mode": "READ_WRITE",
                "source": "https://www.googleapis.com/compute/v1/projects/project-7770b360-47ef-4e14-9f6/zones/asia-southeast2-a/disks/instance-3"
              }
            ],
            "can_ip_forward": false,
            "confidential_instance_config": [],
            "cpu_platform": "Intel Broadwell",
            "current_status": "RUNNING",
            "deletion_protection": false,
            "description": "",
            "desired_status": null,
            "effective_labels": {
              "goog-terraform-provisioned": "true"
            },
            "enable_display": false,
            "guest_accelerator": [],
            "hostname": "",
            "id": "projects/project-7770b360-47ef-4e14-9f6/zones/asia-southeast2-a/instances/instance-3",
            "instance_id": "707473321031248859",
            "label_fingerprint": "vezUS-42LLM=",
            "labels": {},
            "machine_type": "e2-small",
            "metadata": {
              "ssh-keys": "tiaratristyan:ecdsa-sha2-nistp256 AAAAE2VjZHNhLXNoYTItbmlzdHAyNTYAAAAIbmlzdHAyNTYAAABBBMup40bRK9XLFLz/8RGHNyyR7/yvQ8/aEdAI+NzUSkkdt/PBRcGTVK6PKj9gLIuFbWA1OCegQ7zJ4e1u7GHZX0U= google-ssh {\"userName\":\"tiaratristyan@gmail.com\",\"expireOn\":\"2026-08-27T01:53:55+0000\"}\ntiaratristyan:ssh-rsa AAAAB3NzaC1yc2EAAAADAQABAAABAQCXFHkOBnFSamLlq+1j6m8o7b49awX6taVFHcPS6H92pc//b3E66QzcVPmUg/MB6gnrwg07rPpnVHe4xeERkUmQ69nBE7oUY9YGsGKWVMHbs+WVUtGpP/1+HukqpWMjzTeFY1WMqMZy6tGNvo1PEvBL7F1Za85Or9KxkA81JvrcVsmZ11yHxEd/AltIgBGx30kGkjHM2rn6GNq9vHPaM73rl8mFej0wO9j5SweaLc+e0t3KBUWs4eosZCAW+AW+sO4tIdte4chDDokGVloFvtYICQDHTZSc8arDMj2mEindAYaTNuCkK+N5/S/U39Nrfk7w2uCBw8+O1QTQZEhfbROL google-ssh {\"userName\":\"tiaratristyan@gmail.com\",\"expireOn\":\"2026-08-27T01:53:58+0000\"}"
            },
            "metadata_fingerprint": "3gzr5ZyKQx8=",
            "metadata_startup_script": null,
            "min_cpu_platform": "",
            "name": "instance-3",
            "network_interface": [
              {
                "access_config": [
                  {
                    "nat_ip": "34.128.123.171",
                    "network_tier": "PREMIUM",
                    "public_ptr_domain_name": ""
                  }
                ],
                "alias_ip_range": [],
                "internal_ipv6_prefix_length": 0,
                "ipv6_access_config": [],
                "ipv6_access_type": "",
                "ipv6_address": "",
                "name": "nic0",
                "network": "https://www.googleapis.com/compute/v1/projects/project-7770b360-47ef-4e14-9f6/global/networks/terraform-network",
                "network_ip": "10.184.0.4",
                "nic_type": "",
                "queue_count": 0,
                "stack_type": "IPV4_ONLY",
                "subnetwork": "https://www.googleapis.com/compute/v1/projects/project-7770b360-47ef-4e14-9f6/regions/asia-southeast2/subnetworks/terraform-network",
                "subnetwork_project": "project-7770b360-47ef-4e14-9f6"
              }
            ],
            "network_performance_config": [],
            "params": [],
            "project": "project-7770b360-47ef-4e14-9f6",
            "reservation_affinity": [],
            "resource_policies": [],
            "scheduling": [
              {
                "automatic_restart": true,
                "instance_termination_action": "",
                "local_ssd_recovery_timeout": [],
                "max_run_duration": [],
                "min_node_cpus": 0,
                "node_affinities": [],
                "on_host_maintenance": "MIGRATE",
                "on_instance_stop_action": [],
                "preemptible": false,
                "provisioning_model": "STANDARD"
              }
            ],
            "scratch_disk": [],
            "self_link": "https://www.googleapis.com/compute/v1/projects/project-7770b360-47ef-4e14-9f6/zones/asia-southeast2-a/instances/instance-3",
            "service_account": [],
            "shielded_instance_config": [
              {
                "enable_integrity_monitoring": true,
                "enable_secure_boot": false,
                "enable_vtpm": true
              }
            ],
            "tags": [
              "k8s-node"
            ],
            "tags_fingerprint": "PMlaEWobTyo=",
            "terraform_labels": {
              "goog-terraform-provisioned": "true"
            },
            "timeouts": null,
            "zone": "asia-southeast2-a"
          },
          "sensitive_attributes": [
            [
              {
                "type": "get_attr",
                "value": "boot_disk"
              },
              {
                "type": "index",
                "value": {
                  "value": 0,
                  "type": "number"
                }
              },
              {
                "type": "get_attr",
                "value": "disk_encryption_key_raw"
              }
            ]
          ],
          "identity_schema_version": 0,
          "private": "eyJlMmJmYjczMC1lY2FhLTExZTYtOGY4OC0zNDM2M2JjN2M0YzAiOnsiY3JlYXRlIjoxMjAwMDAwMDAwMDAwLCJkZWxldGUiOjEyMDAwMDAwMDAwMDAsInVwZGF0ZSI6MTIwMDAwMDAwMDAwMH0sInNjaGVtYV92ZXJzaW9uIjoiNiJ9",
          "dependencies": [
            "google_compute_network.vpc_network"
          ]
        }
      ]
    },
    {
      "mode": "managed",
      "type": "google_compute_network",
      "name": "vpc_network",
      "provider": "provider[\"registry.terraform.io/hashicorp/google\"]",
      "instances": [
        {
          "schema_version": 0,
          "attributes": {
            "auto_create_subnetworks": true,
            "delete_default_routes_on_create": false,
            "description": "",
            "enable_ula_internal_ipv6": false,
            "gateway_ipv4": "",
            "id": "projects/project-7770b360-47ef-4e14-9f6/global/networks/terraform-network",
            "internal_ipv6_range": "",
            "mtu": 0,
            "name": "terraform-network",
            "network_firewall_policy_enforcement_order": "AFTER_CLASSIC_FIREWALL",
            "numeric_id": "3740991864449489258",
            "project": "project-7770b360-47ef-4e14-9f6",
            "routing_mode": "REGIONAL",
            "self_link": "https://www.googleapis.com/compute/v1/projects/project-7770b360-47ef-4e14-9f6/global/networks/terraform-network",
            "timeouts": null
          },
          "sensitive_attributes": [],
          "identity_schema_version": 0,
          "private": "eyJlMmJmYjczMC1lY2FhLTExZTYtOGY4OC0zNDM2M2JjN2M0YzAiOnsiY3JlYXRlIjoxMjAwMDAwMDAwMDAwLCJkZWxldGUiOjEyMDAwMDAwMDAwMDAsInVwZGF0ZSI6MTIwMDAwMDAwMDAwMH19"
        }
      ]
    }
  ],
  "check_results": null
}
